// !$*UTF8*$!
{
	archiveVersion = 1;
	classes = {
	};
	objectVersion = 46;
	objects = {

/* Begin PBXBuildFile section */
		22261BDF16D1150300AD9271 /* UIKit.framework in Frameworks */ = {isa = PBXBuildFile; fileRef = 22261BDE16D1150300AD9271 /* UIKit.framework */; };
		22261BE116D1150300AD9271 /* Foundation.framework in Frameworks */ = {isa = PBXBuildFile; fileRef = 22261BE016D1150300AD9271 /* Foundation.framework */; };
		22261BE316D1150300AD9271 /* CoreGraphics.framework in Frameworks */ = {isa = PBXBuildFile; fileRef = 22261BE216D1150300AD9271 /* CoreGraphics.framework */; };
		22261BE916D1150300AD9271 /* InfoPlist.strings in Resources */ = {isa = PBXBuildFile; fileRef = 22261BE716D1150300AD9271 /* InfoPlist.strings */; };
		22261BEB16D1150300AD9271 /* main.m in Sources */ = {isa = PBXBuildFile; fileRef = 22261BEA16D1150300AD9271 /* main.m */; };
		22261BEF16D1150300AD9271 /* SJOAppDelegate.m in Sources */ = {isa = PBXBuildFile; fileRef = 22261BEE16D1150300AD9271 /* SJOAppDelegate.m */; };
		22261BF116D1150300AD9271 /* Default.png in Resources */ = {isa = PBXBuildFile; fileRef = 22261BF016D1150300AD9271 /* Default.png */; };
		22261BF316D1150300AD9271 /* Default@2x.png in Resources */ = {isa = PBXBuildFile; fileRef = 22261BF216D1150300AD9271 /* Default@2x.png */; };
		22261BF516D1150300AD9271 /* Default-568h@2x.png in Resources */ = {isa = PBXBuildFile; fileRef = 22261BF416D1150300AD9271 /* Default-568h@2x.png */; };
		22261C0716D1156100AD9271 /* CoreLocation.framework in Frameworks */ = {isa = PBXBuildFile; fileRef = 22261C0616D1156100AD9271 /* CoreLocation.framework */; };
		22261C0916D1156600AD9271 /* AddressBookUI.framework in Frameworks */ = {isa = PBXBuildFile; fileRef = 22261C0816D1156600AD9271 /* AddressBookUI.framework */; };
		22F855F816DE89210054DC3E /* IPInsetLabel.m in Sources */ = {isa = PBXBuildFile; fileRef = 22F855F316DE89210054DC3E /* IPInsetLabel.m */; };
		22F855F916DE89210054DC3E /* SJOPaperboyLocationManager.m in Sources */ = {isa = PBXBuildFile; fileRef = 22F855F516DE89210054DC3E /* SJOPaperboyLocationManager.m */; };
		22F855FA16DE89210054DC3E /* SJOPaperboyViewController.m in Sources */ = {isa = PBXBuildFile; fileRef = 22F855F716DE89210054DC3E /* SJOPaperboyViewController.m */; };
		22F8560816DFD21B0054DC3E /* Paperboy.strings in Resources */ = {isa = PBXBuildFile; fileRef = 22F8560716DFD21B0054DC3E /* Paperboy.strings */; };
/* End PBXBuildFile section */

/* Begin PBXFileReference section */
		22261BDB16D1150300AD9271 /* SJOPaperboyExample.app */ = {isa = PBXFileReference; explicitFileType = wrapper.application; includeInIndex = 0; path = SJOPaperboyExample.app; sourceTree = BUILT_PRODUCTS_DIR; };
		22261BDE16D1150300AD9271 /* UIKit.framework */ = {isa = PBXFileReference; lastKnownFileType = wrapper.framework; name = UIKit.framework; path = System/Library/Frameworks/UIKit.framework; sourceTree = SDKROOT; };
		22261BE016D1150300AD9271 /* Foundation.framework */ = {isa = PBXFileReference; lastKnownFileType = wrapper.framework; name = Foundation.framework; path = System/Library/Frameworks/Foundation.framework; sourceTree = SDKROOT; };
		22261BE216D1150300AD9271 /* CoreGraphics.framework */ = {isa = PBXFileReference; lastKnownFileType = wrapper.framework; name = CoreGraphics.framework; path = System/Library/Frameworks/CoreGraphics.framework; sourceTree = SDKROOT; };
		22261BE616D1150300AD9271 /* SJOPaperboyExample-Info.plist */ = {isa = PBXFileReference; lastKnownFileType = text.plist.xml; path = "SJOPaperboyExample-Info.plist"; sourceTree = "<group>"; };
		22261BE816D1150300AD9271 /* en */ = {isa = PBXFileReference; lastKnownFileType = text.plist.strings; name = en; path = en.lproj/InfoPlist.strings; sourceTree = "<group>"; };
		22261BEA16D1150300AD9271 /* main.m */ = {isa = PBXFileReference; lastKnownFileType = sourcecode.c.objc; path = main.m; sourceTree = "<group>"; };
		22261BEC16D1150300AD9271 /* SJOPaperboyExample-Prefix.pch */ = {isa = PBXFileReference; lastKnownFileType = sourcecode.c.h; path = "SJOPaperboyExample-Prefix.pch"; sourceTree = "<group>"; };
		22261BED16D1150300AD9271 /* SJOAppDelegate.h */ = {isa = PBXFileReference; lastKnownFileType = sourcecode.c.h; path = SJOAppDelegate.h; sourceTree = "<group>"; };
		22261BEE16D1150300AD9271 /* SJOAppDelegate.m */ = {isa = PBXFileReference; lastKnownFileType = sourcecode.c.objc; path = SJOAppDelegate.m; sourceTree = "<group>"; };
		22261BF016D1150300AD9271 /* Default.png */ = {isa = PBXFileReference; lastKnownFileType = image.png; path = Default.png; sourceTree = "<group>"; };
		22261BF216D1150300AD9271 /* Default@2x.png */ = {isa = PBXFileReference; lastKnownFileType = image.png; path = "Default@2x.png"; sourceTree = "<group>"; };
		22261BF416D1150300AD9271 /* Default-568h@2x.png */ = {isa = PBXFileReference; lastKnownFileType = image.png; path = "Default-568h@2x.png"; sourceTree = "<group>"; };
		22261C0616D1156100AD9271 /* CoreLocation.framework */ = {isa = PBXFileReference; lastKnownFileType = wrapper.framework; name = CoreLocation.framework; path = System/Library/Frameworks/CoreLocation.framework; sourceTree = SDKROOT; };
		22261C0816D1156600AD9271 /* AddressBookUI.framework */ = {isa = PBXFileReference; lastKnownFileType = wrapper.framework; name = AddressBookUI.framework; path = System/Library/Frameworks/AddressBookUI.framework; sourceTree = SDKROOT; };
		22F855F216DE89210054DC3E /* IPInsetLabel.h */ = {isa = PBXFileReference; fileEncoding = 4; lastKnownFileType = sourcecode.c.h; path = IPInsetLabel.h; sourceTree = "<group>"; };
		22F855F316DE89210054DC3E /* IPInsetLabel.m */ = {isa = PBXFileReference; fileEncoding = 4; lastKnownFileType = sourcecode.c.objc; path = IPInsetLabel.m; sourceTree = "<group>"; };
		22F855F416DE89210054DC3E /* SJOPaperboyLocationManager.h */ = {isa = PBXFileReference; fileEncoding = 4; lastKnownFileType = sourcecode.c.h; path = SJOPaperboyLocationManager.h; sourceTree = "<group>"; };
		22F855F516DE89210054DC3E /* SJOPaperboyLocationManager.m */ = {isa = PBXFileReference; fileEncoding = 4; lastKnownFileType = sourcecode.c.objc; path = SJOPaperboyLocationManager.m; sourceTree = "<group>"; };
		22F855F616DE89210054DC3E /* SJOPaperboyViewController.h */ = {isa = PBXFileReference; fileEncoding = 4; lastKnownFileType = sourcecode.c.h; path = SJOPaperboyViewController.h; sourceTree = "<group>"; };
		22F855F716DE89210054DC3E /* SJOPaperboyViewController.m */ = {isa = PBXFileReference; fileEncoding = 4; lastKnownFileType = sourcecode.c.objc; path = SJOPaperboyViewController.m; sourceTree = "<group>"; };
		22F8560716DFD21B0054DC3E /* Paperboy.strings */ = {isa = PBXFileReference; fileEncoding = 4; lastKnownFileType = text.plist.strings; path = Paperboy.strings; sourceTree = "<group>"; };
/* End PBXFileReference section */

/* Begin PBXFrameworksBuildPhase section */
		22261BD816D1150300AD9271 /* Frameworks */ = {
			isa = PBXFrameworksBuildPhase;
			buildActionMask = 2147483647;
			files = (
				22261C0916D1156600AD9271 /* AddressBookUI.framework in Frameworks */,
				22261C0716D1156100AD9271 /* CoreLocation.framework in Frameworks */,
				22261BDF16D1150300AD9271 /* UIKit.framework in Frameworks */,
				22261BE116D1150300AD9271 /* Foundation.framework in Frameworks */,
				22261BE316D1150300AD9271 /* CoreGraphics.framework in Frameworks */,
			);
			runOnlyForDeploymentPostprocessing = 0;
		};
/* End PBXFrameworksBuildPhase section */

/* Begin PBXGroup section */
		22261BD216D1150300AD9271 = {
			isa = PBXGroup;
			children = (
				22261BE416D1150300AD9271 /* SJOPaperboyExample */,
				22261BDD16D1150300AD9271 /* Frameworks */,
				22261BDC16D1150300AD9271 /* Products */,
			);
			sourceTree = "<group>";
		};
		22261BDC16D1150300AD9271 /* Products */ = {
			isa = PBXGroup;
			children = (
				22261BDB16D1150300AD9271 /* SJOPaperboyExample.app */,
			);
			name = Products;
			sourceTree = "<group>";
		};
		22261BDD16D1150300AD9271 /* Frameworks */ = {
			isa = PBXGroup;
			children = (
				22261C0816D1156600AD9271 /* AddressBookUI.framework */,
				22261C0616D1156100AD9271 /* CoreLocation.framework */,
				22261BDE16D1150300AD9271 /* UIKit.framework */,
				22261BE016D1150300AD9271 /* Foundation.framework */,
				22261BE216D1150300AD9271 /* CoreGraphics.framework */,
			);
			name = Frameworks;
			sourceTree = "<group>";
		};
		22261BE416D1150300AD9271 /* SJOPaperboyExample */ = {
			isa = PBXGroup;
			children = (
				22F855F116DE89210054DC3E /* SJOPaperboy */,
				22261BED16D1150300AD9271 /* SJOAppDelegate.h */,
				22261BEE16D1150300AD9271 /* SJOAppDelegate.m */,
				22261BE516D1150300AD9271 /* Supporting Files */,
			);
			path = SJOPaperboyExample;
			sourceTree = "<group>";
		};
		22261BE516D1150300AD9271 /* Supporting Files */ = {
			isa = PBXGroup;
			children = (
				22261BE616D1150300AD9271 /* SJOPaperboyExample-Info.plist */,
				22261BE716D1150300AD9271 /* InfoPlist.strings */,
				22261BEA16D1150300AD9271 /* main.m */,
				22261BEC16D1150300AD9271 /* SJOPaperboyExample-Prefix.pch */,
				22261BF016D1150300AD9271 /* Default.png */,
				22261BF216D1150300AD9271 /* Default@2x.png */,
				22261BF416D1150300AD9271 /* Default-568h@2x.png */,
			);
			name = "Supporting Files";
			sourceTree = "<group>";
		};
		22F855F116DE89210054DC3E /* SJOPaperboy */ = {
			isa = PBXGroup;
			children = (
				22F8560716DFD21B0054DC3E /* Paperboy.strings */,
				22F855F216DE89210054DC3E /* IPInsetLabel.h */,
				22F855F316DE89210054DC3E /* IPInsetLabel.m */,
				22F855F416DE89210054DC3E /* SJOPaperboyLocationManager.h */,
				22F855F516DE89210054DC3E /* SJOPaperboyLocationManager.m */,
				22F855F616DE89210054DC3E /* SJOPaperboyViewController.h */,
				22F855F716DE89210054DC3E /* SJOPaperboyViewController.m */,
			);
			path = SJOPaperboy;
			sourceTree = SOURCE_ROOT;
		};
/* End PBXGroup section */

/* Begin PBXNativeTarget section */
		22261BDA16D1150300AD9271 /* SJOPaperboyExample */ = {
			isa = PBXNativeTarget;
			buildConfigurationList = 22261BF816D1150300AD9271 /* Build configuration list for PBXNativeTarget "SJOPaperboyExample" */;
			buildPhases = (
				22261BD716D1150300AD9271 /* Sources */,
				22261BD816D1150300AD9271 /* Frameworks */,
				22261BD916D1150300AD9271 /* Resources */,
			);
			buildRules = (
			);
			dependencies = (
			);
			name = SJOPaperboyExample;
			productName = SJOPaperboyExample;
			productReference = 22261BDB16D1150300AD9271 /* SJOPaperboyExample.app */;
			productType = "com.apple.product-type.application";
		};
/* End PBXNativeTarget section */

/* Begin PBXProject section */
		22261BD316D1150300AD9271 /* Project object */ = {
			isa = PBXProject;
			attributes = {
				CLASSPREFIX = SJO;
				LastUpgradeCheck = 0460;
				ORGANIZATIONNAME = "Sam Oakley";
				TargetAttributes = {
					22261BDA16D1150300AD9271 = {
						SystemCapabilities = {
							com.apple.BackgroundModes = {
								enabled = 1;
							};
						};
					};
				};
			};
			buildConfigurationList = 22261BD616D1150300AD9271 /* Build configuration list for PBXProject "SJOPaperboyExample" */;
			compatibilityVersion = "Xcode 3.2";
			developmentRegion = English;
			hasScannedForEncodings = 0;
			knownRegions = (
				en,
			);
			mainGroup = 22261BD216D1150300AD9271;
			productRefGroup = 22261BDC16D1150300AD9271 /* Products */;
			projectDirPath = "";
			projectRoot = "";
			targets = (
				22261BDA16D1150300AD9271 /* SJOPaperboyExample */,
			);
		};
/* End PBXProject section */

/* Begin PBXResourcesBuildPhase section */
		22261BD916D1150300AD9271 /* Resources */ = {
			isa = PBXResourcesBuildPhase;
			buildActionMask = 2147483647;
			files = (
				22261BE916D1150300AD9271 /* InfoPlist.strings in Resources */,
				22261BF116D1150300AD9271 /* Default.png in Resources */,
				22261BF316D1150300AD9271 /* Default@2x.png in Resources */,
				22261BF516D1150300AD9271 /* Default-568h@2x.png in Resources */,
				22F8560816DFD21B0054DC3E /* Paperboy.strings in Resources */,
			);
			runOnlyForDeploymentPostprocessing = 0;
		};
/* End PBXResourcesBuildPhase section */

/* Begin PBXSourcesBuildPhase section */
		22261BD716D1150300AD9271 /* Sources */ = {
			isa = PBXSourcesBuildPhase;
			buildActionMask = 2147483647;
			files = (
				22261BEB16D1150300AD9271 /* main.m in Sources */,
				22261BEF16D1150300AD9271 /* SJOAppDelegate.m in Sources */,
				22F855F816DE89210054DC3E /* IPInsetLabel.m in Sources */,
				22F855F916DE89210054DC3E /* SJOPaperboyLocationManager.m in Sources */,
				22F855FA16DE89210054DC3E /* SJOPaperboyViewController.m in Sources */,
			);
			runOnlyForDeploymentPostprocessing = 0;
		};
/* End PBXSourcesBuildPhase section */

/* Begin PBXVariantGroup section */
		22261BE716D1150300AD9271 /* InfoPlist.strings */ = {
			isa = PBXVariantGroup;
			children = (
				22261BE816D1150300AD9271 /* en */,
			);
			name = InfoPlist.strings;
			sourceTree = "<group>";
		};
/* End PBXVariantGroup section */

/* Begin XCBuildConfiguration section */
		22261BF616D1150300AD9271 /* Debug */ = {
			isa = XCBuildConfiguration;
			buildSettings = {
				ALWAYS_SEARCH_USER_PATHS = NO;
				CLANG_CXX_LANGUAGE_STANDARD = "gnu++0x";
				CLANG_CXX_LIBRARY = "libc++";
				CLANG_ENABLE_OBJC_ARC = YES;
				CLANG_WARN_CONSTANT_CONVERSION = YES;
				CLANG_WARN_EMPTY_BODY = YES;
				CLANG_WARN_ENUM_CONVERSION = YES;
				CLANG_WARN_INT_CONVERSION = YES;
				CLANG_WARN__DUPLICATE_METHOD_MATCH = YES;
				"CODE_SIGN_IDENTITY[sdk=iphoneos*]" = "iPhone Developer";
				COPY_PHASE_STRIP = NO;
				GCC_C_LANGUAGE_STANDARD = gnu99;
				GCC_DYNAMIC_NO_PIC = NO;
				GCC_OPTIMIZATION_LEVEL = 0;
				GCC_PREPROCESSOR_DEFINITIONS = (
					"DEBUG=1",
					"$(inherited)",
				);
				GCC_SYMBOLS_PRIVATE_EXTERN = NO;
				GCC_WARN_ABOUT_RETURN_TYPE = YES;
				GCC_WARN_UNINITIALIZED_AUTOS = YES;
				GCC_WARN_UNUSED_VARIABLE = YES;
				IPHONEOS_DEPLOYMENT_TARGET = 6.1;
				ONLY_ACTIVE_ARCH = YES;
				SDKROOT = iphoneos;
			};
			name = Debug;
		};
		22261BF716D1150300AD9271 /* Release */ = {
			isa = XCBuildConfiguration;
			buildSettings = {
				ALWAYS_SEARCH_USER_PATHS = NO;
				CLANG_CXX_LANGUAGE_STANDARD = "gnu++0x";
				CLANG_CXX_LIBRARY = "libc++";
				CLANG_ENABLE_OBJC_ARC = YES;
				CLANG_WARN_CONSTANT_CONVERSION = YES;
				CLANG_WARN_EMPTY_BODY = YES;
				CLANG_WARN_ENUM_CONVERSION = YES;
				CLANG_WARN_INT_CONVERSION = YES;
				CLANG_WARN__DUPLICATE_METHOD_MATCH = YES;
				"CODE_SIGN_IDENTITY[sdk=iphoneos*]" = "iPhone Developer";
				COPY_PHASE_STRIP = YES;
				GCC_C_LANGUAGE_STANDARD = gnu99;
				GCC_WARN_ABOUT_RETURN_TYPE = YES;
				GCC_WARN_UNINITIALIZED_AUTOS = YES;
				GCC_WARN_UNUSED_VARIABLE = YES;
				IPHONEOS_DEPLOYMENT_TARGET = 6.1;
				OTHER_CFLAGS = "-DNS_BLOCK_ASSERTIONS=1";
				SDKROOT = iphoneos;
				VALIDATE_PRODUCT = YES;
			};
			name = Release;
		};
		22261BF916D1150300AD9271 /* Debug */ = {
			isa = XCBuildConfiguration;
			buildSettings = {
				GCC_PRECOMPILE_PREFIX_HEADER = YES;
				GCC_PREFIX_HEADER = "SJOPaperboyExample/SJOPaperboyExample-Prefix.pch";
				INFOPLIST_FILE = "SJOPaperboyExample/SJOPaperboyExample-Info.plist";
				PRODUCT_NAME = "$(TARGET_NAME)";
				WRAPPER_EXTENSION = app;
			};
			name = Debug;
		};
		22261BFA16D1150300AD9271 /* Release */ = {
			isa = XCBuildConfiguration;
			buildSettings = {
				GCC_PRECOMPILE_PREFIX_HEADER = YES;
				GCC_PREFIX_HEADER = "SJOPaperboyExample/SJOPaperboyExample-Prefix.pch";
				INFOPLIST_FILE = "SJOPaperboyExample/SJOPaperboyExample-Info.plist";
				PRODUCT_NAME = "$(TARGET_NAME)";
				WRAPPER_EXTENSION = app;
			};
			name = Release;
		};
/* End XCBuildConfiguration section */

/* Begin XCConfigurationList section */
		22261BD616D1150300AD9271 /* Build configuration list for PBXProject "SJOPaperboyExample" */ = {
			isa = XCConfigurationList;
			buildConfigurations = (
				22261BF616D1150300AD9271 /* Debug */,
				22261BF716D1150300AD9271 /* Release */,
			);
			defaultConfigurationIsVisible = 0;
			defaultConfigurationName = Release;
		};
		22261BF816D1150300AD9271 /* Build configuration list for PBXNativeTarget "SJOPaperboyExample" */ = {
			isa = XCConfigurationList;
			buildConfigurations = (
				22261BF916D1150300AD9271 /* Debug */,
				22261BFA16D1150300AD9271 /* Release */,
			);
			defaultConfigurationIsVisible = 0;
			defaultConfigurationName = Release;
		};
/* End XCConfigurationList section */
	};
	rootObject = 22261BD316D1150300AD9271 /* Project object */;
}
